{
  "name": "02_JGMusic_7.17day146",
  "lockfileVersion": 3,
  "requires": true,
  "packages": {
    "": {
      "dependencies": {
        "@vant/weapp": "^1.10.21",
        "hy-event-store": "^1.3.1"
      }
    },
    "node_modules/@vant/weapp": {
      "version": "1.10.21",
      "resolved": "https://registry.npmjs.org/@vant/weapp/-/weapp-1.10.21.tgz",
      "integrity": "sha512-U/yjHDUGEk/Pg+PJ4spEedKCIH0xPZd2gV15QiLUR3tmlXUNGVAIgU8Mv6NsvFd8Aq7mQuah9xa2A3jtpzbk+g=="
    },
    "node_modules/hy-event-store": {
      "version": "1.3.1",
      "resolved": "https://registry.npmjs.org/hy-event-store/-/hy-event-store-1.3.1.tgz",
      "integrity": "sha512-uD+14mz4ONiAs9cX/csjUJ2pHTPFciE3JvIbZ+lsbaXopZWbnETEjwJ0a4l5GqNGcltcW3gJjlnUXCJPBoABfg=="
    }
  }
}
